
Microsoft Visual Studio Solution File, Format Version 12.00
# Visual Studio Version 17
VisualStudioVersion = 17.6.33801.468
MinimumVisualStudioVersion = 10.0.40219.1
Project("{FAE04EC0-301F-11D3-BF4B-00C04F79EFBC}") = "FirstCsharpTutorial", "FirstCsharpTutorial\FirstCsharpTutorial.csproj", "{210A5C61-F79E-4DCA-B7EE-666431883BDE}"
EndProject
Global
	GlobalSection(SolutionConfigurationPlatforms) = preSolution
		Debug|Any CPU = Debug|Any CPU
		Release|Any CPU = Release|Any CPU
	EndGlobalSection
	GlobalSection(ProjectConfigurationPlatforms) = postSolution
		{210A5C61-F79E-4DCA-B7EE-666431883BDE}.Debug|Any CPU.ActiveCfg = Debug|Any CPU
		{210A5C61-F79E-4DCA-B7EE-666431883BDE}.Debug|Any CPU.Build.0 = Debug|Any CPU
		{210A5C61-F79E-4DCA-B7EE-666431883BDE}.Release|Any CPU.ActiveCfg = Release|Any CPU
		{210A5C61-F79E-4DCA-B7EE-666431883BDE}.Release|Any CPU.Build.0 = Release|Any CPU
	EndGlobalSection
	GlobalSection(SolutionProperties) = preSolution
		HideSolutionNode = FALSE
	EndGlobalSection
	GlobalSection(ExtensibilityGlobals) = postSolution
		SolutionGuid = {FBBF3BFA-57A8-4C37-B90B-C62391A8482F}
	EndGlobalSection
EndGlobal
